<Solution>
  <Folder Name="/Solution Items/">
    <File Path="README.md" />
  </Folder>
  <Folder Name="/src/">
    <Project Path="src/Tools/Tools.csproj" />
  </Folder>
  <Folder Name="/src/Azure/">
    <Project Path="src/Azure/DataverseService/DataverseService.csproj" />
  </Folder>
  <Folder Name="/src/Dataverse/">
    <Project Path="src/Dataverse/ConsoleJobs/ConsoleJobs.csproj" />
    <Project Path="src/Dataverse/Plugins/Plugins.csproj" />
    <Project Path="src/Dataverse/WebResources/WebResources.csproj" />
  </Folder>
  <Folder Name="/src/Shared/">
    <Project Path="src/Shared/SharedContext/SharedContext.csproj" />
    <Project Path="src/Shared/SharedDataverseLogic/SharedDataverseLogic.csproj" />
    <Project Path="src/Shared/SharedDomain/SharedDomain.csproj" />
  </Folder>
  <Folder Name="/test/">
    <Project Path="test/Tests/Tests.csproj" />
  </Folder>
</Solution>
