
Microsoft Visual Studio Solution File, Format Version 12.00
# Visual Studio Version 17
VisualStudioVersion = 17.8.34112.27
MinimumVisualStudioVersion = 10.0.40219.1
Project("{9A19103F-16F7-4668-BE54-9A1E7A4F7556}") = "Plugins", "Dataverse\src\Plugins\Plugins.csproj", "{F5E9A7CC-0C50-4AA1-ADA0-F850E46C0736}"
EndProject
Project("{9A19103F-16F7-4668-BE54-9A1E7A4F7556}") = "WebResources", "Dataverse\src\WebResources\WebResources.csproj", "{AC9C93E5-85E5-41A4-ADE1-B00BE2CD795C}"
EndProject
Project("{9A19103F-16F7-4668-BE54-9A1E7A4F7556}") = "Tools", "Dataverse\Tools\Tools.csproj", "{1D8FDB83-E948-424F-A88F-A67A6DA06C61}"
EndProject
Project("{9A19103F-16F7-4668-BE54-9A1E7A4F7556}") = "PluginTests", "Dataverse\test\PluginTests\PluginTests.csproj", "{AD56821E-4658-412F-BC5A-B5015042FF45}"
EndProject
Project("{D954291E-2A0B-460D-934E-DC6B0785DB48}") = "SharedDomain", "SharedDomain\SharedDomain.shproj", "{2D20C6E0-4E49-4F76-A1FD-3675305A500C}"
EndProject
Project("{2150E333-8FDC-42A3-9474-1A3956D46DE8}") = "Azure", "Azure", "{DC17A92D-43ED-4F47-92F4-1640720A1B6F}"
EndProject
Project("{2150E333-8FDC-42A3-9474-1A3956D46DE8}") = "Dataverse", "Dataverse", "{745AC33A-270F-44EA-8EB0-52752F5AE2E6}"
EndProject
Project("{2150E333-8FDC-42A3-9474-1A3956D46DE8}") = "src", "src", "{8562FB2F-6C42-4AA8-B69D-29E090835430}"
EndProject
Project("{2150E333-8FDC-42A3-9474-1A3956D46DE8}") = "test", "test", "{D62A49FC-DC80-495C-9E42-21FD27310354}"
EndProject
Project("{2150E333-8FDC-42A3-9474-1A3956D46DE8}") = "src", "src", "{9BD5E572-301A-4F48-8AEE-C06B151D10ED}"
EndProject
Project("{2150E333-8FDC-42A3-9474-1A3956D46DE8}") = "test", "test", "{E7EEC659-0CF3-45BE-91E9-ACAB762D0F70}"
EndProject
Project("{9A19103F-16F7-4668-BE54-9A1E7A4F7556}") = "DataverseLogic", "Dataverse\src\DataverseLogic\DataverseLogic.csproj", "{09C52370-C499-4982-802F-29106623C85F}"
EndProject
Project("{9A19103F-16F7-4668-BE54-9A1E7A4F7556}") = "DataverseService", "Azure\src\DataverseService\DataverseService.csproj", "{7CC6898E-5621-407C-AC86-D2B127F7BF1B}"
EndProject
Project("{9A19103F-16F7-4668-BE54-9A1E7A4F7556}") = "CustomAPITests", "Dataverse\test\CustomAPITests\CustomAPITests.csproj", "{419614C7-20FF-4271-8EE2-AED39F44F580}"
EndProject
Project("{9A19103F-16F7-4668-BE54-9A1E7A4F7556}") = "DataverseServiceTests", "Azure\test\DataverseServiceTests\DataverseServiceTests.csproj", "{58B57E3B-D346-4D64-B85D-259BA39E0EA6}"
EndProject
Project("{9A19103F-16F7-4668-BE54-9A1E7A4F7556}") = "DemoExternalAPi", "Azure\src\DemoExternalAPI\DemoExternalAPi.csproj", "{9EAF6213-D8AB-4CA6-BC8E-533DDE2DADA4}"
EndProject
Project("{D954291E-2A0B-460D-934E-DC6B0785DB48}") = "SharedDataverseLogic", "SharedDataverseLogic\SharedDataverseLogic.shproj", "{6C57ADF6-80C2-4AE4-BF25-CB514041E3DE}"
EndProject
Project("{9A19103F-16F7-4668-BE54-9A1E7A4F7556}") = "MedlemssystemApi.Tests", "Azure\test\DemoExternalAPI.Tests\DemoExternalAPI.Tests.csproj", "{D45B7F39-982E-4098-B946-88EF10A569C2}"
EndProject
Project("{9A19103F-16F7-4668-BE54-9A1E7A4F7556}") = "CustomerAreaFunctionApp.Tests", "Azure\test\CustomerAreaFunctionApp.Tests\CustomerAreaFunctionApp.Tests.csproj", "{0A4F4EC6-8F18-4591-9CE3-83AE68E4C0F8}"
EndProject
Project("{9A19103F-16F7-4668-BE54-9A1E7A4F7556}") = "CustomerAreaFunctionApp", "Azure\src\CustomerAreaFunctionApp\CustomerAreaFunctionApp.csproj", "{9495BC25-7CD2-464E-B520-34732B494FB2}"
EndProject
Project("{2150E333-8FDC-42A3-9474-1A3956D46DE8}") = "Solution Items", "Solution Items", "{6F92A2DD-A6E5-4521-BF2B-70956FD23244}"
	ProjectSection(SolutionItems) = preProject
		pull_request_template.md = pull_request_template.md
		README.md = README.md
	EndProjectSection
EndProject
Project("{9A19103F-16F7-4668-BE54-9A1E7A4F7556}") = "ActivityAreaFunctionApp", "Azure\src\ActivityAreaFunctionApp\ActivityAreaFunctionApp.csproj", "{C6BFD7CC-5B78-4343-A2ED-24AE9DD353AA}"
EndProject
Project("{9A19103F-16F7-4668-BE54-9A1E7A4F7556}") = "ActivityAreaFunctionApp.Tests", "Azure\test\ActivityAreaFunctionApp.Tests\ActivityAreaFunctionApp.Tests.csproj", "{BDFCB64D-BE40-40F0-9085-F660D35EE5F9}"
EndProject
Project("{D954291E-2A0B-460D-934E-DC6B0785DB48}") = "SharedTest", "SharedTest\SharedTest.shproj", "{43DED35C-6479-41A6-9629-346178DDD3C4}"
EndProject
Project("{D954291E-2A0B-460D-934E-DC6B0785DB48}") = "SharedContext", "SharedContext\SharedContext.shproj", "{6B09B5D4-3752-4745-AB9C-8E581445D7CC}"
EndProject
Global
	GlobalSection(SolutionConfigurationPlatforms) = preSolution
		Debug|Any CPU = Debug|Any CPU
		Debug|Mixed Platforms = Debug|Mixed Platforms
		Debug|x86 = Debug|x86
		Release|Any CPU = Release|Any CPU
		Release|Mixed Platforms = Release|Mixed Platforms
		Release|x86 = Release|x86
	EndGlobalSection
	GlobalSection(ProjectConfigurationPlatforms) = postSolution
		{F5E9A7CC-0C50-4AA1-ADA0-F850E46C0736}.Debug|Any CPU.ActiveCfg = Debug|Any CPU
		{F5E9A7CC-0C50-4AA1-ADA0-F850E46C0736}.Debug|Any CPU.Build.0 = Debug|Any CPU
		{F5E9A7CC-0C50-4AA1-ADA0-F850E46C0736}.Debug|Mixed Platforms.ActiveCfg = Debug|Any CPU
		{F5E9A7CC-0C50-4AA1-ADA0-F850E46C0736}.Debug|Mixed Platforms.Build.0 = Debug|Any CPU
		{F5E9A7CC-0C50-4AA1-ADA0-F850E46C0736}.Debug|x86.ActiveCfg = Debug|Any CPU
		{F5E9A7CC-0C50-4AA1-ADA0-F850E46C0736}.Release|Any CPU.ActiveCfg = Release|Any CPU
		{F5E9A7CC-0C50-4AA1-ADA0-F850E46C0736}.Release|Any CPU.Build.0 = Release|Any CPU
		{F5E9A7CC-0C50-4AA1-ADA0-F850E46C0736}.Release|Mixed Platforms.ActiveCfg = Release|Any CPU
		{F5E9A7CC-0C50-4AA1-ADA0-F850E46C0736}.Release|Mixed Platforms.Build.0 = Release|Any CPU
		{F5E9A7CC-0C50-4AA1-ADA0-F850E46C0736}.Release|x86.ActiveCfg = Release|Any CPU
		{AC9C93E5-85E5-41A4-ADE1-B00BE2CD795C}.Debug|Any CPU.ActiveCfg = Debug|Any CPU
		{AC9C93E5-85E5-41A4-ADE1-B00BE2CD795C}.Debug|Any CPU.Build.0 = Debug|Any CPU
		{AC9C93E5-85E5-41A4-ADE1-B00BE2CD795C}.Debug|Mixed Platforms.ActiveCfg = Debug|Any CPU
		{AC9C93E5-85E5-41A4-ADE1-B00BE2CD795C}.Debug|Mixed Platforms.Build.0 = Debug|Any CPU
		{AC9C93E5-85E5-41A4-ADE1-B00BE2CD795C}.Debug|x86.ActiveCfg = Debug|Any CPU
		{AC9C93E5-85E5-41A4-ADE1-B00BE2CD795C}.Debug|x86.Build.0 = Debug|Any CPU
		{AC9C93E5-85E5-41A4-ADE1-B00BE2CD795C}.Release|Any CPU.ActiveCfg = Debug|Any CPU
		{AC9C93E5-85E5-41A4-ADE1-B00BE2CD795C}.Release|Any CPU.Build.0 = Debug|Any CPU
		{AC9C93E5-85E5-41A4-ADE1-B00BE2CD795C}.Release|Mixed Platforms.ActiveCfg = Debug|Any CPU
		{AC9C93E5-85E5-41A4-ADE1-B00BE2CD795C}.Release|Mixed Platforms.Build.0 = Debug|Any CPU
		{AC9C93E5-85E5-41A4-ADE1-B00BE2CD795C}.Release|x86.ActiveCfg = Debug|Any CPU
		{AC9C93E5-85E5-41A4-ADE1-B00BE2CD795C}.Release|x86.Build.0 = Debug|Any CPU
		{1D8FDB83-E948-424F-A88F-A67A6DA06C61}.Debug|Any CPU.ActiveCfg = Debug|Any CPU
		{1D8FDB83-E948-424F-A88F-A67A6DA06C61}.Debug|Any CPU.Build.0 = Debug|Any CPU
		{1D8FDB83-E948-424F-A88F-A67A6DA06C61}.Debug|Mixed Platforms.ActiveCfg = Debug|Any CPU
		{1D8FDB83-E948-424F-A88F-A67A6DA06C61}.Debug|Mixed Platforms.Build.0 = Debug|Any CPU
		{1D8FDB83-E948-424F-A88F-A67A6DA06C61}.Debug|x86.ActiveCfg = Debug|Any CPU
		{1D8FDB83-E948-424F-A88F-A67A6DA06C61}.Debug|x86.Build.0 = Debug|Any CPU
		{1D8FDB83-E948-424F-A88F-A67A6DA06C61}.Release|Any CPU.ActiveCfg = Release|Any CPU
		{1D8FDB83-E948-424F-A88F-A67A6DA06C61}.Release|Any CPU.Build.0 = Release|Any CPU
		{1D8FDB83-E948-424F-A88F-A67A6DA06C61}.Release|Mixed Platforms.ActiveCfg = Release|Any CPU
		{1D8FDB83-E948-424F-A88F-A67A6DA06C61}.Release|Mixed Platforms.Build.0 = Release|Any CPU
		{1D8FDB83-E948-424F-A88F-A67A6DA06C61}.Release|x86.ActiveCfg = Release|Any CPU
		{1D8FDB83-E948-424F-A88F-A67A6DA06C61}.Release|x86.Build.0 = Release|Any CPU
		{AD56821E-4658-412F-BC5A-B5015042FF45}.Debug|Any CPU.ActiveCfg = Debug|Any CPU
		{AD56821E-4658-412F-BC5A-B5015042FF45}.Debug|Any CPU.Build.0 = Debug|Any CPU
		{AD56821E-4658-412F-BC5A-B5015042FF45}.Debug|Mixed Platforms.ActiveCfg = Debug|Any CPU
		{AD56821E-4658-412F-BC5A-B5015042FF45}.Debug|Mixed Platforms.Build.0 = Debug|Any CPU
		{AD56821E-4658-412F-BC5A-B5015042FF45}.Debug|x86.ActiveCfg = Debug|Any CPU
		{AD56821E-4658-412F-BC5A-B5015042FF45}.Debug|x86.Build.0 = Debug|Any CPU
		{AD56821E-4658-412F-BC5A-B5015042FF45}.Release|Any CPU.ActiveCfg = Release|Any CPU
		{AD56821E-4658-412F-BC5A-B5015042FF45}.Release|Any CPU.Build.0 = Release|Any CPU
		{AD56821E-4658-412F-BC5A-B5015042FF45}.Release|Mixed Platforms.ActiveCfg = Release|Any CPU
		{AD56821E-4658-412F-BC5A-B5015042FF45}.Release|Mixed Platforms.Build.0 = Release|Any CPU
		{AD56821E-4658-412F-BC5A-B5015042FF45}.Release|x86.ActiveCfg = Release|Any CPU
		{AD56821E-4658-412F-BC5A-B5015042FF45}.Release|x86.Build.0 = Release|Any CPU
		{09C52370-C499-4982-802F-29106623C85F}.Debug|Any CPU.ActiveCfg = Debug|Any CPU
		{09C52370-C499-4982-802F-29106623C85F}.Debug|Any CPU.Build.0 = Debug|Any CPU
		{09C52370-C499-4982-802F-29106623C85F}.Debug|Mixed Platforms.ActiveCfg = Debug|Any CPU
		{09C52370-C499-4982-802F-29106623C85F}.Debug|Mixed Platforms.Build.0 = Debug|Any CPU
		{09C52370-C499-4982-802F-29106623C85F}.Debug|x86.ActiveCfg = Debug|Any CPU
		{09C52370-C499-4982-802F-29106623C85F}.Debug|x86.Build.0 = Debug|Any CPU
		{09C52370-C499-4982-802F-29106623C85F}.Release|Any CPU.ActiveCfg = Release|Any CPU
		{09C52370-C499-4982-802F-29106623C85F}.Release|Any CPU.Build.0 = Release|Any CPU
		{09C52370-C499-4982-802F-29106623C85F}.Release|Mixed Platforms.ActiveCfg = Release|Any CPU
		{09C52370-C499-4982-802F-29106623C85F}.Release|Mixed Platforms.Build.0 = Release|Any CPU
		{09C52370-C499-4982-802F-29106623C85F}.Release|x86.ActiveCfg = Release|Any CPU
		{09C52370-C499-4982-802F-29106623C85F}.Release|x86.Build.0 = Release|Any CPU
		{7CC6898E-5621-407C-AC86-D2B127F7BF1B}.Debug|Any CPU.ActiveCfg = Debug|Any CPU
		{7CC6898E-5621-407C-AC86-D2B127F7BF1B}.Debug|Any CPU.Build.0 = Debug|Any CPU
		{7CC6898E-5621-407C-AC86-D2B127F7BF1B}.Debug|Mixed Platforms.ActiveCfg = Debug|Any CPU
		{7CC6898E-5621-407C-AC86-D2B127F7BF1B}.Debug|Mixed Platforms.Build.0 = Debug|Any CPU
		{7CC6898E-5621-407C-AC86-D2B127F7BF1B}.Debug|x86.ActiveCfg = Debug|Any CPU
		{7CC6898E-5621-407C-AC86-D2B127F7BF1B}.Debug|x86.Build.0 = Debug|Any CPU
		{7CC6898E-5621-407C-AC86-D2B127F7BF1B}.Release|Any CPU.ActiveCfg = Release|Any CPU
		{7CC6898E-5621-407C-AC86-D2B127F7BF1B}.Release|Any CPU.Build.0 = Release|Any CPU
		{7CC6898E-5621-407C-AC86-D2B127F7BF1B}.Release|Mixed Platforms.ActiveCfg = Release|Any CPU
		{7CC6898E-5621-407C-AC86-D2B127F7BF1B}.Release|Mixed Platforms.Build.0 = Release|Any CPU
		{7CC6898E-5621-407C-AC86-D2B127F7BF1B}.Release|x86.ActiveCfg = Release|Any CPU
		{7CC6898E-5621-407C-AC86-D2B127F7BF1B}.Release|x86.Build.0 = Release|Any CPU
		{419614C7-20FF-4271-8EE2-AED39F44F580}.Debug|Any CPU.ActiveCfg = Debug|Any CPU
		{419614C7-20FF-4271-8EE2-AED39F44F580}.Debug|Any CPU.Build.0 = Debug|Any CPU
		{419614C7-20FF-4271-8EE2-AED39F44F580}.Debug|Mixed Platforms.ActiveCfg = Debug|Any CPU
		{419614C7-20FF-4271-8EE2-AED39F44F580}.Debug|Mixed Platforms.Build.0 = Debug|Any CPU
		{419614C7-20FF-4271-8EE2-AED39F44F580}.Debug|x86.ActiveCfg = Debug|Any CPU
		{419614C7-20FF-4271-8EE2-AED39F44F580}.Debug|x86.Build.0 = Debug|Any CPU
		{419614C7-20FF-4271-8EE2-AED39F44F580}.Release|Any CPU.ActiveCfg = Release|Any CPU
		{419614C7-20FF-4271-8EE2-AED39F44F580}.Release|Any CPU.Build.0 = Release|Any CPU
		{419614C7-20FF-4271-8EE2-AED39F44F580}.Release|Mixed Platforms.ActiveCfg = Release|Any CPU
		{419614C7-20FF-4271-8EE2-AED39F44F580}.Release|Mixed Platforms.Build.0 = Release|Any CPU
		{419614C7-20FF-4271-8EE2-AED39F44F580}.Release|x86.ActiveCfg = Release|Any CPU
		{419614C7-20FF-4271-8EE2-AED39F44F580}.Release|x86.Build.0 = Release|Any CPU
		{58B57E3B-D346-4D64-B85D-259BA39E0EA6}.Debug|Any CPU.ActiveCfg = Debug|Any CPU
		{58B57E3B-D346-4D64-B85D-259BA39E0EA6}.Debug|Any CPU.Build.0 = Debug|Any CPU
		{58B57E3B-D346-4D64-B85D-259BA39E0EA6}.Debug|Mixed Platforms.ActiveCfg = Debug|Any CPU
		{58B57E3B-D346-4D64-B85D-259BA39E0EA6}.Debug|Mixed Platforms.Build.0 = Debug|Any CPU
		{58B57E3B-D346-4D64-B85D-259BA39E0EA6}.Debug|x86.ActiveCfg = Debug|Any CPU
		{58B57E3B-D346-4D64-B85D-259BA39E0EA6}.Debug|x86.Build.0 = Debug|Any CPU
		{58B57E3B-D346-4D64-B85D-259BA39E0EA6}.Release|Any CPU.ActiveCfg = Release|Any CPU
		{58B57E3B-D346-4D64-B85D-259BA39E0EA6}.Release|Any CPU.Build.0 = Release|Any CPU
		{58B57E3B-D346-4D64-B85D-259BA39E0EA6}.Release|Mixed Platforms.ActiveCfg = Release|Any CPU
		{58B57E3B-D346-4D64-B85D-259BA39E0EA6}.Release|Mixed Platforms.Build.0 = Release|Any CPU
		{58B57E3B-D346-4D64-B85D-259BA39E0EA6}.Release|x86.ActiveCfg = Release|Any CPU
		{58B57E3B-D346-4D64-B85D-259BA39E0EA6}.Release|x86.Build.0 = Release|Any CPU
		{9EAF6213-D8AB-4CA6-BC8E-533DDE2DADA4}.Debug|Any CPU.ActiveCfg = Debug|Any CPU
		{9EAF6213-D8AB-4CA6-BC8E-533DDE2DADA4}.Debug|Any CPU.Build.0 = Debug|Any CPU
		{9EAF6213-D8AB-4CA6-BC8E-533DDE2DADA4}.Debug|Mixed Platforms.ActiveCfg = Debug|Any CPU
		{9EAF6213-D8AB-4CA6-BC8E-533DDE2DADA4}.Debug|Mixed Platforms.Build.0 = Debug|Any CPU
		{9EAF6213-D8AB-4CA6-BC8E-533DDE2DADA4}.Debug|x86.ActiveCfg = Debug|Any CPU
		{9EAF6213-D8AB-4CA6-BC8E-533DDE2DADA4}.Debug|x86.Build.0 = Debug|Any CPU
		{9EAF6213-D8AB-4CA6-BC8E-533DDE2DADA4}.Release|Any CPU.ActiveCfg = Release|Any CPU
		{9EAF6213-D8AB-4CA6-BC8E-533DDE2DADA4}.Release|Any CPU.Build.0 = Release|Any CPU
		{9EAF6213-D8AB-4CA6-BC8E-533DDE2DADA4}.Release|Mixed Platforms.ActiveCfg = Release|Any CPU
		{9EAF6213-D8AB-4CA6-BC8E-533DDE2DADA4}.Release|Mixed Platforms.Build.0 = Release|Any CPU
		{9EAF6213-D8AB-4CA6-BC8E-533DDE2DADA4}.Release|x86.ActiveCfg = Release|Any CPU
		{9EAF6213-D8AB-4CA6-BC8E-533DDE2DADA4}.Release|x86.Build.0 = Release|Any CPU
		{D45B7F39-982E-4098-B946-88EF10A569C2}.Debug|Any CPU.ActiveCfg = Debug|Any CPU
		{D45B7F39-982E-4098-B946-88EF10A569C2}.Debug|Any CPU.Build.0 = Debug|Any CPU
		{D45B7F39-982E-4098-B946-88EF10A569C2}.Debug|Mixed Platforms.ActiveCfg = Debug|Any CPU
		{D45B7F39-982E-4098-B946-88EF10A569C2}.Debug|Mixed Platforms.Build.0 = Debug|Any CPU
		{D45B7F39-982E-4098-B946-88EF10A569C2}.Debug|x86.ActiveCfg = Debug|Any CPU
		{D45B7F39-982E-4098-B946-88EF10A569C2}.Debug|x86.Build.0 = Debug|Any CPU
		{D45B7F39-982E-4098-B946-88EF10A569C2}.Release|Any CPU.ActiveCfg = Release|Any CPU
		{D45B7F39-982E-4098-B946-88EF10A569C2}.Release|Any CPU.Build.0 = Release|Any CPU
		{D45B7F39-982E-4098-B946-88EF10A569C2}.Release|Mixed Platforms.ActiveCfg = Release|Any CPU
		{D45B7F39-982E-4098-B946-88EF10A569C2}.Release|Mixed Platforms.Build.0 = Release|Any CPU
		{D45B7F39-982E-4098-B946-88EF10A569C2}.Release|x86.ActiveCfg = Release|Any CPU
		{D45B7F39-982E-4098-B946-88EF10A569C2}.Release|x86.Build.0 = Release|Any CPU
		{0A4F4EC6-8F18-4591-9CE3-83AE68E4C0F8}.Debug|Any CPU.ActiveCfg = Debug|Any CPU
		{0A4F4EC6-8F18-4591-9CE3-83AE68E4C0F8}.Debug|Any CPU.Build.0 = Debug|Any CPU
		{0A4F4EC6-8F18-4591-9CE3-83AE68E4C0F8}.Debug|Mixed Platforms.ActiveCfg = Debug|Any CPU
		{0A4F4EC6-8F18-4591-9CE3-83AE68E4C0F8}.Debug|Mixed Platforms.Build.0 = Debug|Any CPU
		{0A4F4EC6-8F18-4591-9CE3-83AE68E4C0F8}.Debug|x86.ActiveCfg = Debug|Any CPU
		{0A4F4EC6-8F18-4591-9CE3-83AE68E4C0F8}.Debug|x86.Build.0 = Debug|Any CPU
		{0A4F4EC6-8F18-4591-9CE3-83AE68E4C0F8}.Release|Any CPU.ActiveCfg = Release|Any CPU
		{0A4F4EC6-8F18-4591-9CE3-83AE68E4C0F8}.Release|Any CPU.Build.0 = Release|Any CPU
		{0A4F4EC6-8F18-4591-9CE3-83AE68E4C0F8}.Release|Mixed Platforms.ActiveCfg = Release|Any CPU
		{0A4F4EC6-8F18-4591-9CE3-83AE68E4C0F8}.Release|Mixed Platforms.Build.0 = Release|Any CPU
		{0A4F4EC6-8F18-4591-9CE3-83AE68E4C0F8}.Release|x86.ActiveCfg = Release|Any CPU
		{0A4F4EC6-8F18-4591-9CE3-83AE68E4C0F8}.Release|x86.Build.0 = Release|Any CPU
		{9495BC25-7CD2-464E-B520-34732B494FB2}.Debug|Any CPU.ActiveCfg = Debug|Any CPU
		{9495BC25-7CD2-464E-B520-34732B494FB2}.Debug|Any CPU.Build.0 = Debug|Any CPU
		{9495BC25-7CD2-464E-B520-34732B494FB2}.Debug|Mixed Platforms.ActiveCfg = Debug|Any CPU
		{9495BC25-7CD2-464E-B520-34732B494FB2}.Debug|Mixed Platforms.Build.0 = Debug|Any CPU
		{9495BC25-7CD2-464E-B520-34732B494FB2}.Debug|x86.ActiveCfg = Debug|Any CPU
		{9495BC25-7CD2-464E-B520-34732B494FB2}.Debug|x86.Build.0 = Debug|Any CPU
		{9495BC25-7CD2-464E-B520-34732B494FB2}.Release|Any CPU.ActiveCfg = Release|Any CPU
		{9495BC25-7CD2-464E-B520-34732B494FB2}.Release|Any CPU.Build.0 = Release|Any CPU
		{9495BC25-7CD2-464E-B520-34732B494FB2}.Release|Mixed Platforms.ActiveCfg = Release|Any CPU
		{9495BC25-7CD2-464E-B520-34732B494FB2}.Release|Mixed Platforms.Build.0 = Release|Any CPU
		{9495BC25-7CD2-464E-B520-34732B494FB2}.Release|x86.ActiveCfg = Release|Any CPU
		{9495BC25-7CD2-464E-B520-34732B494FB2}.Release|x86.Build.0 = Release|Any CPU
		{C6BFD7CC-5B78-4343-A2ED-24AE9DD353AA}.Debug|Any CPU.ActiveCfg = Debug|Any CPU
		{C6BFD7CC-5B78-4343-A2ED-24AE9DD353AA}.Debug|Any CPU.Build.0 = Debug|Any CPU
		{C6BFD7CC-5B78-4343-A2ED-24AE9DD353AA}.Debug|Mixed Platforms.ActiveCfg = Debug|Any CPU
		{C6BFD7CC-5B78-4343-A2ED-24AE9DD353AA}.Debug|Mixed Platforms.Build.0 = Debug|Any CPU
		{C6BFD7CC-5B78-4343-A2ED-24AE9DD353AA}.Debug|x86.ActiveCfg = Debug|Any CPU
		{C6BFD7CC-5B78-4343-A2ED-24AE9DD353AA}.Debug|x86.Build.0 = Debug|Any CPU
		{C6BFD7CC-5B78-4343-A2ED-24AE9DD353AA}.Release|Any CPU.ActiveCfg = Release|Any CPU
		{C6BFD7CC-5B78-4343-A2ED-24AE9DD353AA}.Release|Any CPU.Build.0 = Release|Any CPU
		{C6BFD7CC-5B78-4343-A2ED-24AE9DD353AA}.Release|Mixed Platforms.ActiveCfg = Release|Any CPU
		{C6BFD7CC-5B78-4343-A2ED-24AE9DD353AA}.Release|Mixed Platforms.Build.0 = Release|Any CPU
		{C6BFD7CC-5B78-4343-A2ED-24AE9DD353AA}.Release|x86.ActiveCfg = Release|Any CPU
		{C6BFD7CC-5B78-4343-A2ED-24AE9DD353AA}.Release|x86.Build.0 = Release|Any CPU
		{BDFCB64D-BE40-40F0-9085-F660D35EE5F9}.Debug|Any CPU.ActiveCfg = Debug|Any CPU
		{BDFCB64D-BE40-40F0-9085-F660D35EE5F9}.Debug|Any CPU.Build.0 = Debug|Any CPU
		{BDFCB64D-BE40-40F0-9085-F660D35EE5F9}.Debug|Mixed Platforms.ActiveCfg = Debug|Any CPU
		{BDFCB64D-BE40-40F0-9085-F660D35EE5F9}.Debug|Mixed Platforms.Build.0 = Debug|Any CPU
		{BDFCB64D-BE40-40F0-9085-F660D35EE5F9}.Debug|x86.ActiveCfg = Debug|Any CPU
		{BDFCB64D-BE40-40F0-9085-F660D35EE5F9}.Debug|x86.Build.0 = Debug|Any CPU
		{BDFCB64D-BE40-40F0-9085-F660D35EE5F9}.Release|Any CPU.ActiveCfg = Release|Any CPU
		{BDFCB64D-BE40-40F0-9085-F660D35EE5F9}.Release|Any CPU.Build.0 = Release|Any CPU
		{BDFCB64D-BE40-40F0-9085-F660D35EE5F9}.Release|Mixed Platforms.ActiveCfg = Release|Any CPU
		{BDFCB64D-BE40-40F0-9085-F660D35EE5F9}.Release|Mixed Platforms.Build.0 = Release|Any CPU
		{BDFCB64D-BE40-40F0-9085-F660D35EE5F9}.Release|x86.ActiveCfg = Release|Any CPU
		{BDFCB64D-BE40-40F0-9085-F660D35EE5F9}.Release|x86.Build.0 = Release|Any CPU
	EndGlobalSection
	GlobalSection(SolutionProperties) = preSolution
		HideSolutionNode = FALSE
	EndGlobalSection
	GlobalSection(NestedProjects) = preSolution
		{F5E9A7CC-0C50-4AA1-ADA0-F850E46C0736} = {9BD5E572-301A-4F48-8AEE-C06B151D10ED}
		{AC9C93E5-85E5-41A4-ADE1-B00BE2CD795C} = {9BD5E572-301A-4F48-8AEE-C06B151D10ED}
		{1D8FDB83-E948-424F-A88F-A67A6DA06C61} = {745AC33A-270F-44EA-8EB0-52752F5AE2E6}
		{AD56821E-4658-412F-BC5A-B5015042FF45} = {E7EEC659-0CF3-45BE-91E9-ACAB762D0F70}
		{8562FB2F-6C42-4AA8-B69D-29E090835430} = {DC17A92D-43ED-4F47-92F4-1640720A1B6F}
		{D62A49FC-DC80-495C-9E42-21FD27310354} = {DC17A92D-43ED-4F47-92F4-1640720A1B6F}
		{9BD5E572-301A-4F48-8AEE-C06B151D10ED} = {745AC33A-270F-44EA-8EB0-52752F5AE2E6}
		{E7EEC659-0CF3-45BE-91E9-ACAB762D0F70} = {745AC33A-270F-44EA-8EB0-52752F5AE2E6}
		{09C52370-C499-4982-802F-29106623C85F} = {9BD5E572-301A-4F48-8AEE-C06B151D10ED}
		{7CC6898E-5621-407C-AC86-D2B127F7BF1B} = {8562FB2F-6C42-4AA8-B69D-29E090835430}
		{419614C7-20FF-4271-8EE2-AED39F44F580} = {E7EEC659-0CF3-45BE-91E9-ACAB762D0F70}
		{58B57E3B-D346-4D64-B85D-259BA39E0EA6} = {D62A49FC-DC80-495C-9E42-21FD27310354}
		{9EAF6213-D8AB-4CA6-BC8E-533DDE2DADA4} = {8562FB2F-6C42-4AA8-B69D-29E090835430}
		{D45B7F39-982E-4098-B946-88EF10A569C2} = {D62A49FC-DC80-495C-9E42-21FD27310354}
		{0A4F4EC6-8F18-4591-9CE3-83AE68E4C0F8} = {D62A49FC-DC80-495C-9E42-21FD27310354}
		{9495BC25-7CD2-464E-B520-34732B494FB2} = {8562FB2F-6C42-4AA8-B69D-29E090835430}
		{C6BFD7CC-5B78-4343-A2ED-24AE9DD353AA} = {8562FB2F-6C42-4AA8-B69D-29E090835430}
		{BDFCB64D-BE40-40F0-9085-F660D35EE5F9} = {D62A49FC-DC80-495C-9E42-21FD27310354}
	EndGlobalSection
	GlobalSection(ExtensibilityGlobals) = postSolution
		SolutionGuid = {7C70A14F-46F6-49DE-9988-FACADC5A3EB3}
	EndGlobalSection
	GlobalSection(SharedMSBuildProjectFiles) = preSolution
		SharedContext\SharedContext.projitems*{09c52370-c499-4982-802f-29106623c85f}*SharedItemsImports = 5
		SharedDataverseLogic\SharedDataverseLogic.projitems*{09c52370-c499-4982-802f-29106623c85f}*SharedItemsImports = 5
		SharedDomain\SharedDomain.projitems*{09c52370-c499-4982-802f-29106623c85f}*SharedItemsImports = 5
		SharedTest\SharedTest.projitems*{0a4f4ec6-8f18-4591-9ce3-83ae68e4c0f8}*SharedItemsImports = 5
		SharedDomain\SharedDomain.projitems*{2d20c6e0-4e49-4f76-a1fd-3675305a500c}*SharedItemsImports = 13
		SharedTest\SharedTest.projitems*{419614c7-20ff-4271-8ee2-aed39f44f580}*SharedItemsImports = 5
		SharedTest\SharedTest.projitems*{43ded35c-6479-41a6-9629-346178ddd3c4}*SharedItemsImports = 13
		SharedTest\SharedTest.projitems*{58b57e3b-d346-4d64-b85d-259ba39e0ea6}*SharedItemsImports = 5
		SharedContext\SharedContext.projitems*{6b09b5d4-3752-4745-ab9c-8e581445d7cc}*SharedItemsImports = 13
		SharedDataverseLogic\SharedDataverseLogic.projitems*{6c57adf6-80c2-4ae4-bf25-cb514041e3de}*SharedItemsImports = 13
		SharedContext\SharedContext.projitems*{7cc6898e-5621-407c-ac86-d2b127f7bf1b}*SharedItemsImports = 5
		SharedDataverseLogic\SharedDataverseLogic.projitems*{7cc6898e-5621-407c-ac86-d2b127f7bf1b}*SharedItemsImports = 5
		SharedDomain\SharedDomain.projitems*{7cc6898e-5621-407c-ac86-d2b127f7bf1b}*SharedItemsImports = 5
		SharedTest\SharedTest.projitems*{ad56821e-4658-412f-bc5a-b5015042ff45}*SharedItemsImports = 5
		SharedTest\SharedTest.projitems*{bdfcb64d-be40-40f0-9085-f660d35ee5f9}*SharedItemsImports = 5
		SharedTest\SharedTest.projitems*{d45b7f39-982e-4098-b946-88ef10a569c2}*SharedItemsImports = 5
	EndGlobalSection
EndGlobal
